github.com/goqoo-on-kintone/gotenks v0.3.1 h1:iU7Grg2Tn/4bRaIPcnmbqxpI4QqY+192lBTHFBgfCxc=
github.com/goqoo-on-kintone/gotenks v0.3.1/go.mod h1:MTUNewCp0tkNxf1E4IOovWtN7vhtCn9po9m0LEVPtyI=
github.com/joho/godotenv v1.5.1 h1:7eLL/+HRGLY0ldzfGMeQkb7vMd0as4CfYvUVzLqw0N0=
github.com/joho/godotenv v1.5.1/go.mod h1:f4LDr5Voq0i2e/R5DDNOoa2zzDfwtkZa6DnEwAbqwq4=
